
Microsoft Visual Studio Solution File, Format Version 12.00
# Visual Studio Version 16
VisualStudioVersion = 16.0.29215.179
MinimumVisualStudioVersion = 10.0.40219.1
Project("{FAE04EC0-301F-11D3-BF4B-00C04F79EFBC}") = "EspacoA", "EspacoA\EspacoA.csproj", "{4AF98EEF-FB35-4656-B152-756E4B1CE75D}"
EndProject
Global
	GlobalSection(SolutionConfigurationPlatforms) = preSolution
		Debug|Any CPU = Debug|Any CPU
		Release|Any CPU = Release|Any CPU
	EndGlobalSection
	GlobalSection(ProjectConfigurationPlatforms) = postSolution
		{4AF98EEF-FB35-4656-B152-756E4B1CE75D}.Debug|Any CPU.ActiveCfg = Debug|Any CPU
		{4AF98EEF-FB35-4656-B152-756E4B1CE75D}.Debug|Any CPU.Build.0 = Debug|Any CPU
		{4AF98EEF-FB35-4656-B152-756E4B1CE75D}.Release|Any CPU.ActiveCfg = Release|Any CPU
		{4AF98EEF-FB35-4656-B152-756E4B1CE75D}.Release|Any CPU.Build.0 = Release|Any CPU
	EndGlobalSection
	GlobalSection(SolutionProperties) = preSolution
		HideSolutionNode = FALSE
	EndGlobalSection
	GlobalSection(ExtensibilityGlobals) = postSolution
		SolutionGuid = {4032FCA7-8C00-4E4E-92DB-82C833282FC0}
	EndGlobalSection
EndGlobal
